
Microsoft Visual Studio Solution File, Format Version 12.00
# Visual Studio Version 16
VisualStudioVersion = 16.0.30523.141
MinimumVisualStudioVersion = 10.0.40219.1
Project("{8BC9CEB8-8B4A-11D0-8D11-00A0C91BC942}") = "MAPTestFor0422", "MAPTestFor0422\MAPTestFor0422.vcxproj", "{8F1AFE44-4A1B-41EC-9BA2-2A6692AB9F9E}"
EndProject
Global
	GlobalSection(SolutionConfigurationPlatforms) = preSolution
		Debug|x64 = Debug|x64
		Debug|x86 = Debug|x86
		Release|x64 = Release|x64
		Release|x86 = Release|x86
	EndGlobalSection
	GlobalSection(ProjectConfigurationPlatforms) = postSolution
		{8F1AFE44-4A1B-41EC-9BA2-2A6692AB9F9E}.Debug|x64.ActiveCfg = Debug|x64
		{8F1AFE44-4A1B-41EC-9BA2-2A6692AB9F9E}.Debug|x64.Build.0 = Debug|x64
		{8F1AFE44-4A1B-41EC-9BA2-2A6692AB9F9E}.Debug|x86.ActiveCfg = Debug|Win32
		{8F1AFE44-4A1B-41EC-9BA2-2A6692AB9F9E}.Debug|x86.Build.0 = Debug|Win32
		{8F1AFE44-4A1B-41EC-9BA2-2A6692AB9F9E}.Release|x64.ActiveCfg = Release|x64
		{8F1AFE44-4A1B-41EC-9BA2-2A6692AB9F9E}.Release|x64.Build.0 = Release|x64
		{8F1AFE44-4A1B-41EC-9BA2-2A6692AB9F9E}.Release|x86.ActiveCfg = Release|Win32
		{8F1AFE44-4A1B-41EC-9BA2-2A6692AB9F9E}.Release|x86.Build.0 = Release|Win32
	EndGlobalSection
	GlobalSection(SolutionProperties) = preSolution
		HideSolutionNode = FALSE
	EndGlobalSection
	GlobalSection(ExtensibilityGlobals) = postSolution
		SolutionGuid = {39352727-66A9-4A96-A33E-F3095E1BA17A}
	EndGlobalSection
EndGlobal
